
Microsoft Visual Studio Solution File, Format Version 12.00
# Visual Studio Version 17
VisualStudioVersion = 17.9.34728.123
MinimumVisualStudioVersion = 10.0.40219.1
Project("{FAE04EC0-301F-11D3-BF4B-00C04F79EFBC}") = "TaskManager.Web", "TaskManager.Web\TaskManager.Web.csproj", "{CEA15622-85E4-4CF7-BB47-C04780EE3308}"
EndProject
Global
	GlobalSection(SolutionConfigurationPlatforms) = preSolution
		Debug|Any CPU = Debug|Any CPU
		Release|Any CPU = Release|Any CPU
	EndGlobalSection
	GlobalSection(ProjectConfigurationPlatforms) = postSolution
		{CEA15622-85E4-4CF7-BB47-C04780EE3308}.Debug|Any CPU.ActiveCfg = Debug|Any CPU
		{CEA15622-85E4-4CF7-BB47-C04780EE3308}.Debug|Any CPU.Build.0 = Debug|Any CPU
		{CEA15622-85E4-4CF7-BB47-C04780EE3308}.Release|Any CPU.ActiveCfg = Release|Any CPU
		{CEA15622-85E4-4CF7-BB47-C04780EE3308}.Release|Any CPU.Build.0 = Release|Any CPU
	EndGlobalSection
	GlobalSection(SolutionProperties) = preSolution
		HideSolutionNode = FALSE
	EndGlobalSection
	GlobalSection(ExtensibilityGlobals) = postSolution
		SolutionGuid = {5D0E3C4C-9127-46D6-BA9E-18CE4F2BF677}
	EndGlobalSection
EndGlobal
